
Microsoft Visual Studio Solution File, Format Version 12.00
# Visual Studio 2012
Project("{FAE04EC0-301F-11D3-BF4B-00C04F79EFBC}") = "SoftTest402FinalTeam3", "SoftTest402FinalTeam3\SoftTest402FinalTeam3.csproj", "{ABEB038C-CC59-4204-892E-E5BE02B3E625}"
EndProject
Global
	GlobalSection(SolutionConfigurationPlatforms) = preSolution
		Debug|Any CPU = Debug|Any CPU
		Release|Any CPU = Release|Any CPU
	EndGlobalSection
	GlobalSection(ProjectConfigurationPlatforms) = postSolution
		{ABEB038C-CC59-4204-892E-E5BE02B3E625}.Debug|Any CPU.ActiveCfg = Debug|Any CPU
		{ABEB038C-CC59-4204-892E-E5BE02B3E625}.Debug|Any CPU.Build.0 = Debug|Any CPU
		{ABEB038C-CC59-4204-892E-E5BE02B3E625}.Release|Any CPU.ActiveCfg = Release|Any CPU
		{ABEB038C-CC59-4204-892E-E5BE02B3E625}.Release|Any CPU.Build.0 = Release|Any CPU
	EndGlobalSection
	GlobalSection(SolutionProperties) = preSolution
		HideSolutionNode = FALSE
	EndGlobalSection
EndGlobal
